// !$*UTF8*$!
{
	archiveVersion = 1;
	classes = {
	};
	objectVersion = 55;
	objects = {

/* Begin PBXBuildFile section */
		498FC56AF66A861FCA583841 /* Pods_Pushget.framework in Frameworks */ = {isa = PBXBuildFile; fileRef = 72C22CD38E77E9C4653F2FA9 /* Pods_Pushget.framework */; };
		536EE1C92700943D0048B0DB /* AppDelegate.swift in Sources */ = {isa = PBXBuildFile; fileRef = 536EE1C82700943D0048B0DB /* AppDelegate.swift */; };
		536EE1CB2700943D0048B0DB /* SceneDelegate.swift in Sources */ = {isa = PBXBuildFile; fileRef = 536EE1CA2700943D0048B0DB /* SceneDelegate.swift */; };
		536EE1CD2700943D0048B0DB /* ViewController.swift in Sources */ = {isa = PBXBuildFile; fileRef = 536EE1CC2700943D0048B0DB /* ViewController.swift */; };
		536EE1D02700943D0048B0DB /* Main.storyboard in Resources */ = {isa = PBXBuildFile; fileRef = 536EE1CE2700943D0048B0DB /* Main.storyboard */; };
		536EE1D22700943F0048B0DB /* Assets.xcassets in Resources */ = {isa = PBXBuildFile; fileRef = 536EE1D12700943F0048B0DB /* Assets.xcassets */; };
		536EE1D52700943F0048B0DB /* LaunchScreen.storyboard in Resources */ = {isa = PBXBuildFile; fileRef = 536EE1D32700943F0048B0DB /* LaunchScreen.storyboard */; };
		536EE1E027009C9B0048B0DB /* Alamofire in Frameworks */ = {isa = PBXBuildFile; productRef = 536EE1DF27009C9B0048B0DB /* Alamofire */; };
/* End PBXBuildFile section */

/* Begin PBXFileReference section */
		513DB94945675CFA433A8B99 /* Pods-Pushget.release.xcconfig */ = {isa = PBXFileReference; includeInIndex = 1; lastKnownFileType = text.xcconfig; name = "Pods-Pushget.release.xcconfig"; path = "Target Support Files/Pods-Pushget/Pods-Pushget.release.xcconfig"; sourceTree = "<group>"; };
		513E63F847B28B10B618A930 /* Pods-Pushget.debug.xcconfig */ = {isa = PBXFileReference; includeInIndex = 1; lastKnownFileType = text.xcconfig; name = "Pods-Pushget.debug.xcconfig"; path = "Target Support Files/Pods-Pushget/Pods-Pushget.debug.xcconfig"; sourceTree = "<group>"; };
		536EE1C52700943D0048B0DB /* Pushget.app */ = {isa = PBXFileReference; explicitFileType = wrapper.application; includeInIndex = 0; path = Pushget.app; sourceTree = BUILT_PRODUCTS_DIR; };
		536EE1C82700943D0048B0DB /* AppDelegate.swift */ = {isa = PBXFileReference; lastKnownFileType = sourcecode.swift; path = AppDelegate.swift; sourceTree = "<group>"; };
		536EE1CA2700943D0048B0DB /* SceneDelegate.swift */ = {isa = PBXFileReference; lastKnownFileType = sourcecode.swift; path = SceneDelegate.swift; sourceTree = "<group>"; };
		536EE1CC2700943D0048B0DB /* ViewController.swift */ = {isa = PBXFileReference; lastKnownFileType = sourcecode.swift; path = ViewController.swift; sourceTree = "<group>"; };
		536EE1CF2700943D0048B0DB /* Base */ = {isa = PBXFileReference; lastKnownFileType = file.storyboard; name = Base; path = Base.lproj/Main.storyboard; sourceTree = "<group>"; };
		536EE1D12700943F0048B0DB /* Assets.xcassets */ = {isa = PBXFileReference; lastKnownFileType = folder.assetcatalog; path = Assets.xcassets; sourceTree = "<group>"; };
		536EE1D42700943F0048B0DB /* Base */ = {isa = PBXFileReference; lastKnownFileType = file.storyboard; name = Base; path = Base.lproj/LaunchScreen.storyboard; sourceTree = "<group>"; };
		536EE1D62700943F0048B0DB /* Info.plist */ = {isa = PBXFileReference; lastKnownFileType = text.plist.xml; path = Info.plist; sourceTree = "<group>"; };
		536EE1DC270099150048B0DB /* Alamofire-master */ = {isa = PBXFileReference; lastKnownFileType = folder; name = "Alamofire-master"; path = "../../Alamofire-master"; sourceTree = "<group>"; };
		536EE1DE27009A380048B0DB /* Alamofire-master */ = {isa = PBXFileReference; lastKnownFileType = folder; name = "Alamofire-master"; path = "../../Alamofire-master"; sourceTree = "<group>"; };
		72C22CD38E77E9C4653F2FA9 /* Pods_Pushget.framework */ = {isa = PBXFileReference; explicitFileType = wrapper.framework; includeInIndex = 0; path = Pods_Pushget.framework; sourceTree = BUILT_PRODUCTS_DIR; };
/* End PBXFileReference section */

/* Begin PBXFrameworksBuildPhase section */
		536EE1C22700943D0048B0DB /* Frameworks */ = {
			isa = PBXFrameworksBuildPhase;
			buildActionMask = 2147483647;
			files = (
				498FC56AF66A861FCA583841 /* Pods_Pushget.framework in Frameworks */,
				536EE1E027009C9B0048B0DB /* Alamofire in Frameworks */,
			);
			runOnlyForDeploymentPostprocessing = 0;
		};
/* End PBXFrameworksBuildPhase section */

/* Begin PBXGroup section */
		2AED8F44CCAC42E04C1063EB /* Frameworks */ = {
			isa = PBXGroup;
			children = (
				536EE1DC270099150048B0DB /* Alamofire-master */,
				72C22CD38E77E9C4653F2FA9 /* Pods_Pushget.framework */,
			);
			name = Frameworks;
			sourceTree = "<group>";
		};
		536EE1BC2700943D0048B0DB = {
			isa = PBXGroup;
			children = (
				536EE1DD27009A380048B0DB /* Packages */,
				536EE1C72700943D0048B0DB /* Pushget */,
				536EE1C62700943D0048B0DB /* Products */,
				74EC1DD91DD05CD9E063864A /* Pods */,
				2AED8F44CCAC42E04C1063EB /* Frameworks */,
			);
			sourceTree = "<group>";
		};
		536EE1C62700943D0048B0DB /* Products */ = {
			isa = PBXGroup;
			children = (
				536EE1C52700943D0048B0DB /* Pushget.app */,
			);
			name = Products;
			sourceTree = "<group>";
		};
		536EE1C72700943D0048B0DB /* Pushget */ = {
			isa = PBXGroup;
			children = (
				536EE1C82700943D0048B0DB /* AppDelegate.swift */,
				536EE1CA2700943D0048B0DB /* SceneDelegate.swift */,
				536EE1CC2700943D0048B0DB /* ViewController.swift */,
				536EE1CE2700943D0048B0DB /* Main.storyboard */,
				536EE1D12700943F0048B0DB /* Assets.xcassets */,
				536EE1D32700943F0048B0DB /* LaunchScreen.storyboard */,
				536EE1D62700943F0048B0DB /* Info.plist */,
			);
			path = Pushget;
			sourceTree = "<group>";
		};
		536EE1DD27009A380048B0DB /* Packages */ = {
			isa = PBXGroup;
			children = (
				536EE1DE27009A380048B0DB /* Alamofire-master */,
			);
			name = Packages;
			sourceTree = "<group>";
		};
		74EC1DD91DD05CD9E063864A /* Pods */ = {
			isa = PBXGroup;
			children = (
				513E63F847B28B10B618A930 /* Pods-Pushget.debug.xcconfig */,
				513DB94945675CFA433A8B99 /* Pods-Pushget.release.xcconfig */,
			);
			path = Pods;
			sourceTree = "<group>";
		};
/* End PBXGroup section */

/* Begin PBXNativeTarget section */
		536EE1C42700943D0048B0DB /* Pushget */ = {
			isa = PBXNativeTarget;
			buildConfigurationList = 536EE1D92700943F0048B0DB /* Build configuration list for PBXNativeTarget "Pushget" */;
			buildPhases = (
				40F1D138AE169FB52A11F19C /* [CP] Check Pods Manifest.lock */,
				536EE1C12700943D0048B0DB /* Sources */,
				536EE1C22700943D0048B0DB /* Frameworks */,
				536EE1C32700943D0048B0DB /* Resources */,
			);
			buildRules = (
			);
			dependencies = (
			);
			name = Pushget;
			packageProductDependencies = (
				536EE1DF27009C9B0048B0DB /* Alamofire */,
			);
			productName = Pushget;
			productReference = 536EE1C52700943D0048B0DB /* Pushget.app */;
			productType = "com.apple.product-type.application";
		};
/* End PBXNativeTarget section */

/* Begin PBXProject section */
		536EE1BD2700943D0048B0DB /* Project object */ = {
			isa = PBXProject;
			attributes = {
				BuildIndependentTargetsInParallel = 1;
				KnownAssetTags = (
					New,
				);
				LastSwiftUpdateCheck = 1300;
				LastUpgradeCheck = 1300;
				TargetAttributes = {
					536EE1C42700943D0048B0DB = {
						CreatedOnToolsVersion = 13.0;
					};
				};
			};
			buildConfigurationList = 536EE1C02700943D0048B0DB /* Build configuration list for PBXProject "Pushget" */;
			compatibilityVersion = "Xcode 13.0";
			developmentRegion = en;
			hasScannedForEncodings = 0;
			knownRegions = (
				en,
				Base,
			);
			mainGroup = 536EE1BC2700943D0048B0DB;
			productRefGroup = 536EE1C62700943D0048B0DB /* Products */;
			projectDirPath = "";
			projectRoot = "";
			targets = (
				536EE1C42700943D0048B0DB /* Pushget */,
			);
		};
/* End PBXProject section */

/* Begin PBXResourcesBuildPhase section */
		536EE1C32700943D0048B0DB /* Resources */ = {
			isa = PBXResourcesBuildPhase;
			buildActionMask = 2147483647;
			files = (
				536EE1D52700943F0048B0DB /* LaunchScreen.storyboard in Resources */,
				536EE1D22700943F0048B0DB /* Assets.xcassets in Resources */,
				536EE1D02700943D0048B0DB /* Main.storyboard in Resources */,
			);
			runOnlyForDeploymentPostprocessing = 0;
		};
/* End PBXResourcesBuildPhase section */

/* Begin PBXShellScriptBuildPhase section */
		40F1D138AE169FB52A11F19C /* [CP] Check Pods Manifest.lock */ = {
			isa = PBXShellScriptBuildPhase;
			buildActionMask = 2147483647;
			files = (
			);
			inputFileListPaths = (
			);
			inputPaths = (
				"${PODS_PODFILE_DIR_PATH}/Podfile.lock",
				"${PODS_ROOT}/Manifest.lock",
			);
			name = "[CP] Check Pods Manifest.lock";
			outputFileListPaths = (
			);
			outputPaths = (
				"$(DERIVED_FILE_DIR)/Pods-Pushget-checkManifestLockResult.txt",
			);
			runOnlyForDeploymentPostprocessing = 0;
			shellPath = /bin/sh;
			shellScript = "diff \"${PODS_PODFILE_DIR_PATH}/Podfile.lock\" \"${PODS_ROOT}/Manifest.lock\" > /dev/null\nif [ $? != 0 ] ; then\n    # print error to STDERR\n    echo \"error: The sandbox is not in sync with the Podfile.lock. Run 'pod install' or update your CocoaPods installation.\" >&2\n    exit 1\nfi\n# This output is used by Xcode 'outputs' to avoid re-running this script phase.\necho \"SUCCESS\" > \"${SCRIPT_OUTPUT_FILE_0}\"\n";
			showEnvVarsInLog = 0;
		};
/* End PBXShellScriptBuildPhase section */

/* Begin PBXSourcesBuildPhase section */
		536EE1C12700943D0048B0DB /* Sources */ = {
			isa = PBXSourcesBuildPhase;
			buildActionMask = 2147483647;
			files = (
				536EE1CD2700943D0048B0DB /* ViewController.swift in Sources */,
				536EE1C92700943D0048B0DB /* AppDelegate.swift in Sources */,
				536EE1CB2700943D0048B0DB /* SceneDelegate.swift in Sources */,
			);
			runOnlyForDeploymentPostprocessing = 0;
		};
/* End PBXSourcesBuildPhase section */

/* Begin PBXVariantGroup section */
		536EE1CE2700943D0048B0DB /* Main.storyboard */ = {
			isa = PBXVariantGroup;
			children = (
				536EE1CF2700943D0048B0DB /* Base */,
			);
			name = Main.storyboard;
			sourceTree = "<group>";
		};
		536EE1D32700943F0048B0DB /* LaunchScreen.storyboard */ = {
			isa = PBXVariantGroup;
			children = (
				536EE1D42700943F0048B0DB /* Base */,
			);
			name = LaunchScreen.storyboard;
			sourceTree = "<group>";
		};
/* End PBXVariantGroup section */

/* Begin XCBuildConfiguration section */
		536EE1D72700943F0048B0DB /* Debug */ = {
			isa = XCBuildConfiguration;
			buildSettings = {
				ALWAYS_SEARCH_USER_PATHS = NO;
				CLANG_ANALYZER_NONNULL = YES;
				CLANG_ANALYZER_NUMBER_OBJECT_CONVERSION = YES_AGGRESSIVE;
				CLANG_CXX_LANGUAGE_STANDARD = "gnu++17";
				CLANG_CXX_LIBRARY = "libc++";
				CLANG_ENABLE_MODULES = YES;
				CLANG_ENABLE_OBJC_ARC = YES;
				CLANG_ENABLE_OBJC_WEAK = YES;
				CLANG_WARN_BLOCK_CAPTURE_AUTORELEASING = YES;
				CLANG_WARN_BOOL_CONVERSION = YES;
				CLANG_WARN_COMMA = YES;
				CLANG_WARN_CONSTANT_CONVERSION = YES;
				CLANG_WARN_DEPRECATED_OBJC_IMPLEMENTATIONS = YES;
				CLANG_WARN_DIRECT_OBJC_ISA_USAGE = YES_ERROR;
				CLANG_WARN_DOCUMENTATION_COMMENTS = YES;
				CLANG_WARN_EMPTY_BODY = YES;
				CLANG_WARN_ENUM_CONVERSION = YES;
				CLANG_WARN_INFINITE_RECURSION = YES;
				CLANG_WARN_INT_CONVERSION = YES;
				CLANG_WARN_NON_LITERAL_NULL_CONVERSION = YES;
				CLANG_WARN_OBJC_IMPLICIT_RETAIN_SELF = YES;
				CLANG_WARN_OBJC_LITERAL_CONVERSION = YES;
				CLANG_WARN_OBJC_ROOT_CLASS = YES_ERROR;
				CLANG_WARN_QUOTED_INCLUDE_IN_FRAMEWORK_HEADER = YES;
				CLANG_WARN_RANGE_LOOP_ANALYSIS = YES;
				CLANG_WARN_STRICT_PROTOTYPES = YES;
				CLANG_WARN_SUSPICIOUS_MOVE = YES;
				CLANG_WARN_UNGUARDED_AVAILABILITY = YES_AGGRESSIVE;
				CLANG_WARN_UNREACHABLE_CODE = YES;
				CLANG_WARN__DUPLICATE_METHOD_MATCH = YES;
				COPY_PHASE_STRIP = NO;
				DEBUG_INFORMATION_FORMAT = dwarf;
				ENABLE_STRICT_OBJC_MSGSEND = YES;
				ENABLE_TESTABILITY = YES;
				GCC_C_LANGUAGE_STANDARD = gnu11;
				GCC_DYNAMIC_NO_PIC = NO;
				GCC_NO_COMMON_BLOCKS = YES;
				GCC_OPTIMIZATION_LEVEL = 0;
				GCC_PREPROCESSOR_DEFINITIONS = (
					"DEBUG=1",
					"$(inherited)",
				);
				GCC_WARN_64_TO_32_BIT_CONVERSION = YES;
				GCC_WARN_ABOUT_RETURN_TYPE = YES_ERROR;
				GCC_WARN_UNDECLARED_SELECTOR = YES;
				GCC_WARN_UNINITIALIZED_AUTOS = YES_AGGRESSIVE;
				GCC_WARN_UNUSED_FUNCTION = YES;
				GCC_WARN_UNUSED_VARIABLE = YES;
				IPHONEOS_DEPLOYMENT_TARGET = 15.0;
				MTL_ENABLE_DEBUG_INFO = INCLUDE_SOURCE;
				MTL_FAST_MATH = YES;
				ONLY_ACTIVE_ARCH = YES;
				SDKROOT = iphoneos;
				SWIFT_ACTIVE_COMPILATION_CONDITIONS = DEBUG;
				SWIFT_OPTIMIZATION_LEVEL = "-Onone";
			};
			name = Debug;
		};
		536EE1D82700943F0048B0DB /* Release */ = {
			isa = XCBuildConfiguration;
			buildSettings = {
				ALWAYS_SEARCH_USER_PATHS = NO;
				CLANG_ANALYZER_NONNULL = YES;
				CLANG_ANALYZER_NUMBER_OBJECT_CONVERSION = YES_AGGRESSIVE;
				CLANG_CXX_LANGUAGE_STANDARD = "gnu++17";
				CLANG_CXX_LIBRARY = "libc++";
				CLANG_ENABLE_MODULES = YES;
				CLANG_ENABLE_OBJC_ARC = YES;
				CLANG_ENABLE_OBJC_WEAK = YES;
				CLANG_WARN_BLOCK_CAPTURE_AUTORELEASING = YES;
				CLANG_WARN_BOOL_CONVERSION = YES;
				CLANG_WARN_COMMA = YES;
				CLANG_WARN_CONSTANT_CONVERSION = YES;
				CLANG_WARN_DEPRECATED_OBJC_IMPLEMENTATIONS = YES;
				CLANG_WARN_DIRECT_OBJC_ISA_USAGE = YES_ERROR;
				CLANG_WARN_DOCUMENTATION_COMMENTS = YES;
				CLANG_WARN_EMPTY_BODY = YES;
				CLANG_WARN_ENUM_CONVERSION = YES;
				CLANG_WARN_INFINITE_RECURSION = YES;
				CLANG_WARN_INT_CONVERSION = YES;
				CLANG_WARN_NON_LITERAL_NULL_CONVERSION = YES;
				CLANG_WARN_OBJC_IMPLICIT_RETAIN_SELF = YES;
				CLANG_WARN_OBJC_LITERAL_CONVERSION = YES;
				CLANG_WARN_OBJC_ROOT_CLASS = YES_ERROR;
				CLANG_WARN_QUOTED_INCLUDE_IN_FRAMEWORK_HEADER = YES;
				CLANG_WARN_RANGE_LOOP_ANALYSIS = YES;
				CLANG_WARN_STRICT_PROTOTYPES = YES;
				CLANG_WARN_SUSPICIOUS_MOVE = YES;
				CLANG_WARN_UNGUARDED_AVAILABILITY = YES_AGGRESSIVE;
				CLANG_WARN_UNREACHABLE_CODE = YES;
				CLANG_WARN__DUPLICATE_METHOD_MATCH = YES;
				COPY_PHASE_STRIP = NO;
				DEBUG_INFORMATION_FORMAT = "dwarf-with-dsym";
				ENABLE_NS_ASSERTIONS = NO;
				ENABLE_STRICT_OBJC_MSGSEND = YES;
				GCC_C_LANGUAGE_STANDARD = gnu11;
				GCC_NO_COMMON_BLOCKS = YES;
				GCC_WARN_64_TO_32_BIT_CONVERSION = YES;
				GCC_WARN_ABOUT_RETURN_TYPE = YES_ERROR;
				GCC_WARN_UNDECLARED_SELECTOR = YES;
				GCC_WARN_UNINITIALIZED_AUTOS = YES_AGGRESSIVE;
				GCC_WARN_UNUSED_FUNCTION = YES;
				GCC_WARN_UNUSED_VARIABLE = YES;
				IPHONEOS_DEPLOYMENT_TARGET = 15.0;
				MTL_ENABLE_DEBUG_INFO = NO;
				MTL_FAST_MATH = YES;
				SDKROOT = iphoneos;
				SWIFT_COMPILATION_MODE = wholemodule;
				SWIFT_OPTIMIZATION_LEVEL = "-O";
				VALIDATE_PRODUCT = YES;
			};
			name = Release;
		};
		536EE1DA2700943F0048B0DB /* Debug */ = {
			isa = XCBuildConfiguration;
			baseConfigurationReference = 513E63F847B28B10B618A930 /* Pods-Pushget.debug.xcconfig */;
			buildSettings = {
				ASSETCATALOG_COMPILER_APPICON_NAME = AppIcon;
				ASSETCATALOG_COMPILER_GLOBAL_ACCENT_COLOR_NAME = AccentColor;
				CODE_SIGN_STYLE = Automatic;
				CURRENT_PROJECT_VERSION = 1;
				DEVELOPMENT_TEAM = 7563MXF692;
				GENERATE_INFOPLIST_FILE = YES;
				INFOPLIST_FILE = Pushget/Info.plist;
				INFOPLIST_KEY_LSApplicationCategoryType = "";
				INFOPLIST_KEY_UIApplicationSupportsIndirectInputEvents = YES;
				INFOPLIST_KEY_UILaunchStoryboardName = LaunchScreen;
				INFOPLIST_KEY_UIMainStoryboardFile = Main;
				INFOPLIST_KEY_UISupportedInterfaceOrientations = UIInterfaceOrientationPortrait;
				INFOPLIST_KEY_UISupportedInterfaceOrientations_iPad = "UIInterfaceOrientationPortrait UIInterfaceOrientationPortraitUpsideDown UIInterfaceOrientationLandscapeLeft UIInterfaceOrientationLandscapeRight";
				INFOPLIST_KEY_UISupportedInterfaceOrientations_iPhone = "UIInterfaceOrientationPortrait UIInterfaceOrientationLandscapeLeft UIInterfaceOrientationLandscapeRight";
				LD_RUNPATH_SEARCH_PATHS = (
					"$(inherited)",
					"@executable_path/Frameworks",
				);
				MARKETING_VERSION = 1.0;
				PRODUCT_BUNDLE_IDENTIFIER = ua.serhii.Pushget;
				PRODUCT_NAME = "$(TARGET_NAME)";
				SWIFT_EMIT_LOC_STRINGS = YES;
				SWIFT_VERSION = 5.0;
				TARGETED_DEVICE_FAMILY = 1;
			};
			name = Debug;
		};
		536EE1DB2700943F0048B0DB /* Release */ = {
			isa = XCBuildConfiguration;
			baseConfigurationReference = 513DB94945675CFA433A8B99 /* Pods-Pushget.release.xcconfig */;
			buildSettings = {
				ASSETCATALOG_COMPILER_APPICON_NAME = AppIcon;
				ASSETCATALOG_COMPILER_GLOBAL_ACCENT_COLOR_NAME = AccentColor;
				CODE_SIGN_STYLE = Automatic;
				CURRENT_PROJECT_VERSION = 1;
				DEVELOPMENT_TEAM = 7563MXF692;
				GENERATE_INFOPLIST_FILE = YES;
				INFOPLIST_FILE = Pushget/Info.plist;
				INFOPLIST_KEY_LSApplicationCategoryType = "";
				INFOPLIST_KEY_UIApplicationSupportsIndirectInputEvents = YES;
				INFOPLIST_KEY_UILaunchStoryboardName = LaunchScreen;
				INFOPLIST_KEY_UIMainStoryboardFile = Main;
				INFOPLIST_KEY_UISupportedInterfaceOrientations = UIInterfaceOrientationPortrait;
				INFOPLIST_KEY_UISupportedInterfaceOrientations_iPad = "UIInterfaceOrientationPortrait UIInterfaceOrientationPortraitUpsideDown UIInterfaceOrientationLandscapeLeft UIInterfaceOrientationLandscapeRight";
				INFOPLIST_KEY_UISupportedInterfaceOrientations_iPhone = "UIInterfaceOrientationPortrait UIInterfaceOrientationLandscapeLeft UIInterfaceOrientationLandscapeRight";
				LD_RUNPATH_SEARCH_PATHS = (
					"$(inherited)",
					"@executable_path/Frameworks",
				);
				MARKETING_VERSION = 1.0;
				PRODUCT_BUNDLE_IDENTIFIER = ua.serhii.Pushget;
				PRODUCT_NAME = "$(TARGET_NAME)";
				SWIFT_EMIT_LOC_STRINGS = YES;
				SWIFT_VERSION = 5.0;
				TARGETED_DEVICE_FAMILY = 1;
			};
			name = Release;
		};
/* End XCBuildConfiguration section */

/* Begin XCConfigurationList section */
		536EE1C02700943D0048B0DB /* Build configuration list for PBXProject "Pushget" */ = {
			isa = XCConfigurationList;
			buildConfigurations = (
				536EE1D72700943F0048B0DB /* Debug */,
				536EE1D82700943F0048B0DB /* Release */,
			);
			defaultConfigurationIsVisible = 0;
			defaultConfigurationName = Release;
		};
		536EE1D92700943F0048B0DB /* Build configuration list for PBXNativeTarget "Pushget" */ = {
			isa = XCConfigurationList;
			buildConfigurations = (
				536EE1DA2700943F0048B0DB /* Debug */,
				536EE1DB2700943F0048B0DB /* Release */,
			);
			defaultConfigurationIsVisible = 0;
			defaultConfigurationName = Release;
		};
/* End XCConfigurationList section */

/* Begin XCSwiftPackageProductDependency section */
		536EE1DF27009C9B0048B0DB /* Alamofire */ = {
			isa = XCSwiftPackageProductDependency;
			productName = Alamofire;
		};
/* End XCSwiftPackageProductDependency section */
	};
	rootObject = 536EE1BD2700943D0048B0DB /* Project object */;
}
